
Microsoft Visual Studio Solution File, Format Version 12.00
# Visual Studio Version 17
VisualStudioVersion = 17.5.33326.253
MinimumVisualStudioVersion = 10.0.40219.1
Project("{2150E333-8FDC-42A3-9474-1A3956D46DE8}") = "Элементы решения", "Элементы решения", "{C87B8BBE-2B08-4543-B6E8-CED8AFE377BD}"
	ProjectSection(SolutionItems) = preProject
		README.md = README.md
	EndProjectSection
EndProject
Project("{9A19103F-16F7-4668-BE54-9A1E7A4F7556}") = "YandexCloud.IamJwtCredentials.Demo", "examples\YandexCloud.IamJwtCredentials.Demo\YandexCloud.IamJwtCredentials.Demo.csproj", "{A2043999-EC04-44F2-8EC1-96ECE463A464}"
EndProject
Project("{9A19103F-16F7-4668-BE54-9A1E7A4F7556}") = "YandexCloud.Extensions.Logging", "..\yc-extensions-logging\src\YandexCloud.Extensions.Logging\YandexCloud.Extensions.Logging.csproj", "{9046CBB5-5569-435C-BC84-BADC0C34DC1C}"
EndProject
Global
	GlobalSection(SolutionConfigurationPlatforms) = preSolution
		Debug|Any CPU = Debug|Any CPU
		Release|Any CPU = Release|Any CPU
	EndGlobalSection
	GlobalSection(ProjectConfigurationPlatforms) = postSolution
		{A2043999-EC04-44F2-8EC1-96ECE463A464}.Debug|Any CPU.ActiveCfg = Debug|Any CPU
		{A2043999-EC04-44F2-8EC1-96ECE463A464}.Debug|Any CPU.Build.0 = Debug|Any CPU
		{A2043999-EC04-44F2-8EC1-96ECE463A464}.Release|Any CPU.ActiveCfg = Release|Any CPU
		{A2043999-EC04-44F2-8EC1-96ECE463A464}.Release|Any CPU.Build.0 = Release|Any CPU
		{9046CBB5-5569-435C-BC84-BADC0C34DC1C}.Debug|Any CPU.ActiveCfg = Debug|Any CPU
		{9046CBB5-5569-435C-BC84-BADC0C34DC1C}.Debug|Any CPU.Build.0 = Debug|Any CPU
		{9046CBB5-5569-435C-BC84-BADC0C34DC1C}.Release|Any CPU.ActiveCfg = Release|Any CPU
		{9046CBB5-5569-435C-BC84-BADC0C34DC1C}.Release|Any CPU.Build.0 = Release|Any CPU
	EndGlobalSection
	GlobalSection(SolutionProperties) = preSolution
		HideSolutionNode = FALSE
	EndGlobalSection
	GlobalSection(ExtensibilityGlobals) = postSolution
		SolutionGuid = {2DF8BC13-49B1-4F56-A65D-4640F1CBB164}
	EndGlobalSection
EndGlobal
